// !$*UTF8*$!
{
	archiveVersion = 1;
	classes = {
	};
	objectVersion = 55;
	objects = {

/* Begin PBXBuildFile section */
		367A27102855D9EF00BDEB85 /* AppDelegate.swift in Sources */ = {isa = PBXBuildFile; fileRef = 367A270F2855D9EF00BDEB85 /* AppDelegate.swift */; };
		367A27122855D9EF00BDEB85 /* SceneDelegate.swift in Sources */ = {isa = PBXBuildFile; fileRef = 367A27112855D9EF00BDEB85 /* SceneDelegate.swift */; };
		367A27142855D9EF00BDEB85 /* MainViewController.swift in Sources */ = {isa = PBXBuildFile; fileRef = 367A27132855D9EF00BDEB85 /* MainViewController.swift */; };
		367A27172855D9EF00BDEB85 /* Main.storyboard in Resources */ = {isa = PBXBuildFile; fileRef = 367A27152855D9EF00BDEB85 /* Main.storyboard */; };
		367A271A2855D9EF00BDEB85 /* OpenWeatherByWOOJIN.xcdatamodeld in Sources */ = {isa = PBXBuildFile; fileRef = 367A27182855D9EF00BDEB85 /* OpenWeatherByWOOJIN.xcdatamodeld */; };
		367A271C2855D9F200BDEB85 /* Assets.xcassets in Resources */ = {isa = PBXBuildFile; fileRef = 367A271B2855D9F200BDEB85 /* Assets.xcassets */; };
		367A271F2855D9F200BDEB85 /* LaunchScreen.storyboard in Resources */ = {isa = PBXBuildFile; fileRef = 367A271D2855D9F200BDEB85 /* LaunchScreen.storyboard */; };
		36D9063B2856BDEE0028F59B /* WeatherTableViewCell.swift in Sources */ = {isa = PBXBuildFile; fileRef = 36D906392856BDEE0028F59B /* WeatherTableViewCell.swift */; };
		36D9063C2856BDEE0028F59B /* WeatherTableViewCell.xib in Resources */ = {isa = PBXBuildFile; fileRef = 36D9063A2856BDEE0028F59B /* WeatherTableViewCell.xib */; };
		36D9063E2856DED00028F59B /* WeatherResponse.swift in Sources */ = {isa = PBXBuildFile; fileRef = 36D9063D2856DED00028F59B /* WeatherResponse.swift */; };
		36D906402856F40A0028F59B /* WeatherDataManager.swift in Sources */ = {isa = PBXBuildFile; fileRef = 36D9063F2856F40A0028F59B /* WeatherDataManager.swift */; };
/* End PBXBuildFile section */

/* Begin PBXFileReference section */
		367A270C2855D9EF00BDEB85 /* OpenWeatherByWOOJIN.app */ = {isa = PBXFileReference; explicitFileType = wrapper.application; includeInIndex = 0; path = OpenWeatherByWOOJIN.app; sourceTree = BUILT_PRODUCTS_DIR; };
		367A270F2855D9EF00BDEB85 /* AppDelegate.swift */ = {isa = PBXFileReference; lastKnownFileType = sourcecode.swift; path = AppDelegate.swift; sourceTree = "<group>"; };
		367A27112855D9EF00BDEB85 /* SceneDelegate.swift */ = {isa = PBXFileReference; lastKnownFileType = sourcecode.swift; path = SceneDelegate.swift; sourceTree = "<group>"; };
		367A27132855D9EF00BDEB85 /* MainViewController.swift */ = {isa = PBXFileReference; lastKnownFileType = sourcecode.swift; path = MainViewController.swift; sourceTree = "<group>"; };
		367A27162855D9EF00BDEB85 /* Base */ = {isa = PBXFileReference; lastKnownFileType = file.storyboard; name = Base; path = Base.lproj/Main.storyboard; sourceTree = "<group>"; };
		367A27192855D9EF00BDEB85 /* OpenWeatherByWOOJIN.xcdatamodel */ = {isa = PBXFileReference; lastKnownFileType = wrapper.xcdatamodel; path = OpenWeatherByWOOJIN.xcdatamodel; sourceTree = "<group>"; };
		367A271B2855D9F200BDEB85 /* Assets.xcassets */ = {isa = PBXFileReference; lastKnownFileType = folder.assetcatalog; path = Assets.xcassets; sourceTree = "<group>"; };
		367A271E2855D9F200BDEB85 /* Base */ = {isa = PBXFileReference; lastKnownFileType = file.storyboard; name = Base; path = Base.lproj/LaunchScreen.storyboard; sourceTree = "<group>"; };
		367A27202855D9F200BDEB85 /* Info.plist */ = {isa = PBXFileReference; lastKnownFileType = text.plist.xml; path = Info.plist; sourceTree = "<group>"; };
		36D906392856BDEE0028F59B /* WeatherTableViewCell.swift */ = {isa = PBXFileReference; lastKnownFileType = sourcecode.swift; path = WeatherTableViewCell.swift; sourceTree = "<group>"; };
		36D9063A2856BDEE0028F59B /* WeatherTableViewCell.xib */ = {isa = PBXFileReference; lastKnownFileType = file.xib; path = WeatherTableViewCell.xib; sourceTree = "<group>"; };
		36D9063D2856DED00028F59B /* WeatherResponse.swift */ = {isa = PBXFileReference; lastKnownFileType = sourcecode.swift; path = WeatherResponse.swift; sourceTree = "<group>"; };
		36D9063F2856F40A0028F59B /* WeatherDataManager.swift */ = {isa = PBXFileReference; lastKnownFileType = sourcecode.swift; path = WeatherDataManager.swift; sourceTree = "<group>"; };
/* End PBXFileReference section */

/* Begin PBXFrameworksBuildPhase section */
		367A27092855D9EF00BDEB85 /* Frameworks */ = {
			isa = PBXFrameworksBuildPhase;
			buildActionMask = 2147483647;
			files = (
			);
			runOnlyForDeploymentPostprocessing = 0;
		};
/* End PBXFrameworksBuildPhase section */

/* Begin PBXGroup section */
		367A27032855D9EF00BDEB85 = {
			isa = PBXGroup;
			children = (
				367A270E2855D9EF00BDEB85 /* OpenWeatherByWOOJIN */,
				367A270D2855D9EF00BDEB85 /* Products */,
			);
			sourceTree = "<group>";
		};
		367A270D2855D9EF00BDEB85 /* Products */ = {
			isa = PBXGroup;
			children = (
				367A270C2855D9EF00BDEB85 /* OpenWeatherByWOOJIN.app */,
			);
			name = Products;
			sourceTree = "<group>";
		};
		367A270E2855D9EF00BDEB85 /* OpenWeatherByWOOJIN */ = {
			isa = PBXGroup;
			children = (
				367A27112855D9EF00BDEB85 /* SceneDelegate.swift */,
				367A270F2855D9EF00BDEB85 /* AppDelegate.swift */,
				367A271B2855D9F200BDEB85 /* Assets.xcassets */,
				367A27202855D9F200BDEB85 /* Info.plist */,
				367A271D2855D9F200BDEB85 /* LaunchScreen.storyboard */,
				367A27182855D9EF00BDEB85 /* OpenWeatherByWOOJIN.xcdatamodeld */,
				367A27262855E8F500BDEB85 /* Source */,
			);
			path = OpenWeatherByWOOJIN;
			sourceTree = "<group>";
		};
		367A27262855E8F500BDEB85 /* Source */ = {
			isa = PBXGroup;
			children = (
				367A27152855D9EF00BDEB85 /* Main.storyboard */,
				367A27132855D9EF00BDEB85 /* MainViewController.swift */,
				36D906382856BDCE0028F59B /* Cell */,
				367A27272855E90100BDEB85 /* DataManager */,
				367A27282855E91000BDEB85 /* Entity */,
			);
			path = Source;
			sourceTree = "<group>";
		};
		367A27272855E90100BDEB85 /* DataManager */ = {
			isa = PBXGroup;
			children = (
				36D9063F2856F40A0028F59B /* WeatherDataManager.swift */,
			);
			path = DataManager;
			sourceTree = "<group>";
		};
		367A27282855E91000BDEB85 /* Entity */ = {
			isa = PBXGroup;
			children = (
				36D9063D2856DED00028F59B /* WeatherResponse.swift */,
			);
			path = Entity;
			sourceTree = "<group>";
		};
		36D906382856BDCE0028F59B /* Cell */ = {
			isa = PBXGroup;
			children = (
				36D906392856BDEE0028F59B /* WeatherTableViewCell.swift */,
				36D9063A2856BDEE0028F59B /* WeatherTableViewCell.xib */,
			);
			path = Cell;
			sourceTree = "<group>";
		};
/* End PBXGroup section */

/* Begin PBXNativeTarget section */
		367A270B2855D9EF00BDEB85 /* OpenWeatherByWOOJIN */ = {
			isa = PBXNativeTarget;
			buildConfigurationList = 367A27232855D9F200BDEB85 /* Build configuration list for PBXNativeTarget "OpenWeatherByWOOJIN" */;
			buildPhases = (
				367A27082855D9EF00BDEB85 /* Sources */,
				367A27092855D9EF00BDEB85 /* Frameworks */,
				367A270A2855D9EF00BDEB85 /* Resources */,
			);
			buildRules = (
			);
			dependencies = (
			);
			name = OpenWeatherByWOOJIN;
			productName = OpenWeatherByWOOJIN;
			productReference = 367A270C2855D9EF00BDEB85 /* OpenWeatherByWOOJIN.app */;
			productType = "com.apple.product-type.application";
		};
/* End PBXNativeTarget section */

/* Begin PBXProject section */
		367A27042855D9EF00BDEB85 /* Project object */ = {
			isa = PBXProject;
			attributes = {
				BuildIndependentTargetsInParallel = 1;
				LastSwiftUpdateCheck = 1340;
				LastUpgradeCheck = 1340;
				TargetAttributes = {
					367A270B2855D9EF00BDEB85 = {
						CreatedOnToolsVersion = 13.4.1;
					};
				};
			};
			buildConfigurationList = 367A27072855D9EF00BDEB85 /* Build configuration list for PBXProject "OpenWeatherByWOOJIN" */;
			compatibilityVersion = "Xcode 13.0";
			developmentRegion = en;
			hasScannedForEncodings = 0;
			knownRegions = (
				en,
				Base,
			);
			mainGroup = 367A27032855D9EF00BDEB85;
			productRefGroup = 367A270D2855D9EF00BDEB85 /* Products */;
			projectDirPath = "";
			projectRoot = "";
			targets = (
				367A270B2855D9EF00BDEB85 /* OpenWeatherByWOOJIN */,
			);
		};
/* End PBXProject section */

/* Begin PBXResourcesBuildPhase section */
		367A270A2855D9EF00BDEB85 /* Resources */ = {
			isa = PBXResourcesBuildPhase;
			buildActionMask = 2147483647;
			files = (
				36D9063C2856BDEE0028F59B /* WeatherTableViewCell.xib in Resources */,
				367A271F2855D9F200BDEB85 /* LaunchScreen.storyboard in Resources */,
				367A271C2855D9F200BDEB85 /* Assets.xcassets in Resources */,
				367A27172855D9EF00BDEB85 /* Main.storyboard in Resources */,
			);
			runOnlyForDeploymentPostprocessing = 0;
		};
/* End PBXResourcesBuildPhase section */

/* Begin PBXSourcesBuildPhase section */
		367A27082855D9EF00BDEB85 /* Sources */ = {
			isa = PBXSourcesBuildPhase;
			buildActionMask = 2147483647;
			files = (
				36D9063B2856BDEE0028F59B /* WeatherTableViewCell.swift in Sources */,
				36D906402856F40A0028F59B /* WeatherDataManager.swift in Sources */,
				36D9063E2856DED00028F59B /* WeatherResponse.swift in Sources */,
				367A27142855D9EF00BDEB85 /* MainViewController.swift in Sources */,
				367A27102855D9EF00BDEB85 /* AppDelegate.swift in Sources */,
				367A271A2855D9EF00BDEB85 /* OpenWeatherByWOOJIN.xcdatamodeld in Sources */,
				367A27122855D9EF00BDEB85 /* SceneDelegate.swift in Sources */,
			);
			runOnlyForDeploymentPostprocessing = 0;
		};
/* End PBXSourcesBuildPhase section */

/* Begin PBXVariantGroup section */
		367A27152855D9EF00BDEB85 /* Main.storyboard */ = {
			isa = PBXVariantGroup;
			children = (
				367A27162855D9EF00BDEB85 /* Base */,
			);
			name = Main.storyboard;
			sourceTree = "<group>";
		};
		367A271D2855D9F200BDEB85 /* LaunchScreen.storyboard */ = {
			isa = PBXVariantGroup;
			children = (
				367A271E2855D9F200BDEB85 /* Base */,
			);
			name = LaunchScreen.storyboard;
			sourceTree = "<group>";
		};
/* End PBXVariantGroup section */

/* Begin XCBuildConfiguration section */
		367A27212855D9F200BDEB85 /* Debug */ = {
			isa = XCBuildConfiguration;
			buildSettings = {
				ALWAYS_SEARCH_USER_PATHS = NO;
				CLANG_ANALYZER_NONNULL = YES;
				CLANG_ANALYZER_NUMBER_OBJECT_CONVERSION = YES_AGGRESSIVE;
				CLANG_CXX_LANGUAGE_STANDARD = "gnu++17";
				CLANG_ENABLE_MODULES = YES;
				CLANG_ENABLE_OBJC_ARC = YES;
				CLANG_ENABLE_OBJC_WEAK = YES;
				CLANG_WARN_BLOCK_CAPTURE_AUTORELEASING = YES;
				CLANG_WARN_BOOL_CONVERSION = YES;
				CLANG_WARN_COMMA = YES;
				CLANG_WARN_CONSTANT_CONVERSION = YES;
				CLANG_WARN_DEPRECATED_OBJC_IMPLEMENTATIONS = YES;
				CLANG_WARN_DIRECT_OBJC_ISA_USAGE = YES_ERROR;
				CLANG_WARN_DOCUMENTATION_COMMENTS = YES;
				CLANG_WARN_EMPTY_BODY = YES;
				CLANG_WARN_ENUM_CONVERSION = YES;
				CLANG_WARN_INFINITE_RECURSION = YES;
				CLANG_WARN_INT_CONVERSION = YES;
				CLANG_WARN_NON_LITERAL_NULL_CONVERSION = YES;
				CLANG_WARN_OBJC_IMPLICIT_RETAIN_SELF = YES;
				CLANG_WARN_OBJC_LITERAL_CONVERSION = YES;
				CLANG_WARN_OBJC_ROOT_CLASS = YES_ERROR;
				CLANG_WARN_QUOTED_INCLUDE_IN_FRAMEWORK_HEADER = YES;
				CLANG_WARN_RANGE_LOOP_ANALYSIS = YES;
				CLANG_WARN_STRICT_PROTOTYPES = YES;
				CLANG_WARN_SUSPICIOUS_MOVE = YES;
				CLANG_WARN_UNGUARDED_AVAILABILITY = YES_AGGRESSIVE;
				CLANG_WARN_UNREACHABLE_CODE = YES;
				CLANG_WARN__DUPLICATE_METHOD_MATCH = YES;
				COPY_PHASE_STRIP = NO;
				DEBUG_INFORMATION_FORMAT = dwarf;
				ENABLE_STRICT_OBJC_MSGSEND = YES;
				ENABLE_TESTABILITY = YES;
				GCC_C_LANGUAGE_STANDARD = gnu11;
				GCC_DYNAMIC_NO_PIC = NO;
				GCC_NO_COMMON_BLOCKS = YES;
				GCC_OPTIMIZATION_LEVEL = 0;
				GCC_PREPROCESSOR_DEFINITIONS = (
					"DEBUG=1",
					"$(inherited)",
				);
				GCC_WARN_64_TO_32_BIT_CONVERSION = YES;
				GCC_WARN_ABOUT_RETURN_TYPE = YES_ERROR;
				GCC_WARN_UNDECLARED_SELECTOR = YES;
				GCC_WARN_UNINITIALIZED_AUTOS = YES_AGGRESSIVE;
				GCC_WARN_UNUSED_FUNCTION = YES;
				GCC_WARN_UNUSED_VARIABLE = YES;
				IPHONEOS_DEPLOYMENT_TARGET = 14.0;
				MTL_ENABLE_DEBUG_INFO = INCLUDE_SOURCE;
				MTL_FAST_MATH = YES;
				ONLY_ACTIVE_ARCH = YES;
				SDKROOT = iphoneos;
				SWIFT_ACTIVE_COMPILATION_CONDITIONS = DEBUG;
				SWIFT_OPTIMIZATION_LEVEL = "-Onone";
			};
			name = Debug;
		};
		367A27222855D9F200BDEB85 /* Release */ = {
			isa = XCBuildConfiguration;
			buildSettings = {
				ALWAYS_SEARCH_USER_PATHS = NO;
				CLANG_ANALYZER_NONNULL = YES;
				CLANG_ANALYZER_NUMBER_OBJECT_CONVERSION = YES_AGGRESSIVE;
				CLANG_CXX_LANGUAGE_STANDARD = "gnu++17";
				CLANG_ENABLE_MODULES = YES;
				CLANG_ENABLE_OBJC_ARC = YES;
				CLANG_ENABLE_OBJC_WEAK = YES;
				CLANG_WARN_BLOCK_CAPTURE_AUTORELEASING = YES;
				CLANG_WARN_BOOL_CONVERSION = YES;
				CLANG_WARN_COMMA = YES;
				CLANG_WARN_CONSTANT_CONVERSION = YES;
				CLANG_WARN_DEPRECATED_OBJC_IMPLEMENTATIONS = YES;
				CLANG_WARN_DIRECT_OBJC_ISA_USAGE = YES_ERROR;
				CLANG_WARN_DOCUMENTATION_COMMENTS = YES;
				CLANG_WARN_EMPTY_BODY = YES;
				CLANG_WARN_ENUM_CONVERSION = YES;
				CLANG_WARN_INFINITE_RECURSION = YES;
				CLANG_WARN_INT_CONVERSION = YES;
				CLANG_WARN_NON_LITERAL_NULL_CONVERSION = YES;
				CLANG_WARN_OBJC_IMPLICIT_RETAIN_SELF = YES;
				CLANG_WARN_OBJC_LITERAL_CONVERSION = YES;
				CLANG_WARN_OBJC_ROOT_CLASS = YES_ERROR;
				CLANG_WARN_QUOTED_INCLUDE_IN_FRAMEWORK_HEADER = YES;
				CLANG_WARN_RANGE_LOOP_ANALYSIS = YES;
				CLANG_WARN_STRICT_PROTOTYPES = YES;
				CLANG_WARN_SUSPICIOUS_MOVE = YES;
				CLANG_WARN_UNGUARDED_AVAILABILITY = YES_AGGRESSIVE;
				CLANG_WARN_UNREACHABLE_CODE = YES;
				CLANG_WARN__DUPLICATE_METHOD_MATCH = YES;
				COPY_PHASE_STRIP = NO;
				DEBUG_INFORMATION_FORMAT = "dwarf-with-dsym";
				ENABLE_NS_ASSERTIONS = NO;
				ENABLE_STRICT_OBJC_MSGSEND = YES;
				GCC_C_LANGUAGE_STANDARD = gnu11;
				GCC_NO_COMMON_BLOCKS = YES;
				GCC_WARN_64_TO_32_BIT_CONVERSION = YES;
				GCC_WARN_ABOUT_RETURN_TYPE = YES_ERROR;
				GCC_WARN_UNDECLARED_SELECTOR = YES;
				GCC_WARN_UNINITIALIZED_AUTOS = YES_AGGRESSIVE;
				GCC_WARN_UNUSED_FUNCTION = YES;
				GCC_WARN_UNUSED_VARIABLE = YES;
				IPHONEOS_DEPLOYMENT_TARGET = 14.0;
				MTL_ENABLE_DEBUG_INFO = NO;
				MTL_FAST_MATH = YES;
				SDKROOT = iphoneos;
				SWIFT_COMPILATION_MODE = wholemodule;
				SWIFT_OPTIMIZATION_LEVEL = "-O";
				VALIDATE_PRODUCT = YES;
			};
			name = Release;
		};
		367A27242855D9F200BDEB85 /* Debug */ = {
			isa = XCBuildConfiguration;
			buildSettings = {
				ASSETCATALOG_COMPILER_APPICON_NAME = AppIcon;
				ASSETCATALOG_COMPILER_GLOBAL_ACCENT_COLOR_NAME = AccentColor;
				CODE_SIGN_STYLE = Automatic;
				CURRENT_PROJECT_VERSION = 1;
				GENERATE_INFOPLIST_FILE = YES;
				INFOPLIST_FILE = OpenWeatherByWOOJIN/Info.plist;
				INFOPLIST_KEY_UIApplicationSupportsIndirectInputEvents = YES;
				INFOPLIST_KEY_UILaunchStoryboardName = LaunchScreen;
				INFOPLIST_KEY_UIMainStoryboardFile = Main;
				INFOPLIST_KEY_UISupportedInterfaceOrientations = "";
				INFOPLIST_KEY_UISupportedInterfaceOrientations_iPad = "UIInterfaceOrientationPortrait UIInterfaceOrientationPortraitUpsideDown UIInterfaceOrientationLandscapeLeft UIInterfaceOrientationLandscapeRight";
				INFOPLIST_KEY_UISupportedInterfaceOrientations_iPhone = "UIInterfaceOrientationPortrait UIInterfaceOrientationLandscapeLeft UIInterfaceOrientationLandscapeRight";
				INFOPLIST_KEY_UIUserInterfaceStyle = "";
				IPHONEOS_DEPLOYMENT_TARGET = 14.0;
				LD_RUNPATH_SEARCH_PATHS = (
					"$(inherited)",
					"@executable_path/Frameworks",
				);
				MARKETING_VERSION = 1.0;
				PRODUCT_BUNDLE_IDENTIFIER = com.hoyu.OpenWeatherByWOOJIN;
				PRODUCT_NAME = "$(TARGET_NAME)";
				SWIFT_EMIT_LOC_STRINGS = YES;
				SWIFT_VERSION = 5.0;
				TARGETED_DEVICE_FAMILY = 1;
			};
			name = Debug;
		};
		367A27252855D9F200BDEB85 /* Release */ = {
			isa = XCBuildConfiguration;
			buildSettings = {
				ASSETCATALOG_COMPILER_APPICON_NAME = AppIcon;
				ASSETCATALOG_COMPILER_GLOBAL_ACCENT_COLOR_NAME = AccentColor;
				CODE_SIGN_STYLE = Automatic;
				CURRENT_PROJECT_VERSION = 1;
				GENERATE_INFOPLIST_FILE = YES;
				INFOPLIST_FILE = OpenWeatherByWOOJIN/Info.plist;
				INFOPLIST_KEY_UIApplicationSupportsIndirectInputEvents = YES;
				INFOPLIST_KEY_UILaunchStoryboardName = LaunchScreen;
				INFOPLIST_KEY_UIMainStoryboardFile = Main;
				INFOPLIST_KEY_UISupportedInterfaceOrientations = "";
				INFOPLIST_KEY_UISupportedInterfaceOrientations_iPad = "UIInterfaceOrientationPortrait UIInterfaceOrientationPortraitUpsideDown UIInterfaceOrientationLandscapeLeft UIInterfaceOrientationLandscapeRight";
				INFOPLIST_KEY_UISupportedInterfaceOrientations_iPhone = "UIInterfaceOrientationPortrait UIInterfaceOrientationLandscapeLeft UIInterfaceOrientationLandscapeRight";
				INFOPLIST_KEY_UIUserInterfaceStyle = "";
				IPHONEOS_DEPLOYMENT_TARGET = 14.0;
				LD_RUNPATH_SEARCH_PATHS = (
					"$(inherited)",
					"@executable_path/Frameworks",
				);
				MARKETING_VERSION = 1.0;
				PRODUCT_BUNDLE_IDENTIFIER = com.hoyu.OpenWeatherByWOOJIN;
				PRODUCT_NAME = "$(TARGET_NAME)";
				SWIFT_EMIT_LOC_STRINGS = YES;
				SWIFT_VERSION = 5.0;
				TARGETED_DEVICE_FAMILY = 1;
			};
			name = Release;
		};
/* End XCBuildConfiguration section */

/* Begin XCConfigurationList section */
		367A27072855D9EF00BDEB85 /* Build configuration list for PBXProject "OpenWeatherByWOOJIN" */ = {
			isa = XCConfigurationList;
			buildConfigurations = (
				367A27212855D9F200BDEB85 /* Debug */,
				367A27222855D9F200BDEB85 /* Release */,
			);
			defaultConfigurationIsVisible = 0;
			defaultConfigurationName = Release;
		};
		367A27232855D9F200BDEB85 /* Build configuration list for PBXNativeTarget "OpenWeatherByWOOJIN" */ = {
			isa = XCConfigurationList;
			buildConfigurations = (
				367A27242855D9F200BDEB85 /* Debug */,
				367A27252855D9F200BDEB85 /* Release */,
			);
			defaultConfigurationIsVisible = 0;
			defaultConfigurationName = Release;
		};
/* End XCConfigurationList section */

/* Begin XCVersionGroup section */
		367A27182855D9EF00BDEB85 /* OpenWeatherByWOOJIN.xcdatamodeld */ = {
			isa = XCVersionGroup;
			children = (
				367A27192855D9EF00BDEB85 /* OpenWeatherByWOOJIN.xcdatamodel */,
			);
			currentVersion = 367A27192855D9EF00BDEB85 /* OpenWeatherByWOOJIN.xcdatamodel */;
			path = OpenWeatherByWOOJIN.xcdatamodeld;
			sourceTree = "<group>";
			versionGroupType = wrapper.xcdatamodel;
		};
/* End XCVersionGroup section */
	};
	rootObject = 367A27042855D9EF00BDEB85 /* Project object */;
}
